<?xml version="1.0" encoding="UTF-8"?>
<CONFIG>
  <ProjectOptions>
    <Version Value="12"/>
    <PathDelim Value="\\"/>
    <General>
      <Flags>
        <MainUnitHasUsesSectionForAllUnits Value="False"/>
        <MainUnitHasCreateFormStatements Value="True"/>
        <MainUnitHasTitleStatement Value="True"/>
      </Flags>
      <SessionStorage Value="InProjectDir"/>
      <Title Value="TAFRA Studio"/>
      <MainUnit Value="0"/>
      <UseAppBundle Value="False"/>
      <ResourceType Value="res"/>
    </General>
    <BuildModes>
      <Item Name="Default" Default="True"/>
    </BuildModes>
    <PublishOptions>
      <Version Value="2"/>
    </PublishOptions>
    <RunParams>
      <FormatVersion Value="2"/>
    </RunParams>
    <RequiredPackages Count="1">
      <Item1>
        <PackageName Value="LCL"/>
      </Item1>
    </RequiredPackages>
    <Units>
      <Unit>
        <Filename Value="tafrastudio.lpr"/>
        <IsPartOfProject Value="True"/>
      </Unit>
      <Unit>
        <Filename Value="src/forms/uMainForm.pas"/>
        <IsPartOfProject Value="True"/>
        <UnitName Value="uMainForm"/>
      </Unit>
      <Unit>
        <Filename Value="src/forms/uSettingsForm.pas"/>
        <IsPartOfProject Value="True"/>
        <UnitName Value="uSettingsForm"/>
      </Unit>
      <Unit>
        <Filename Value="src/core/uResultTypes.pas"/>
        <IsPartOfProject Value="True"/>
        <UnitName Value="uResultTypes"/>
      </Unit>
      <Unit>
        <Filename Value="src/core/uAppPaths.pas"/>
        <IsPartOfProject Value="True"/>
        <UnitName Value="uAppPaths"/>
      </Unit>
      <Unit>
        <Filename Value="src/core/uLogger.pas"/>
        <IsPartOfProject Value="True"/>
        <UnitName Value="uLogger"/>
      </Unit>
      <Unit>
        <Filename Value="src/services/uProcessRunner.pas"/>
        <IsPartOfProject Value="True"/>
        <UnitName Value="uProcessRunner"/>
      </Unit>
      <Unit>
        <Filename Value="src/services/uPHPToolRunner.pas"/>
        <IsPartOfProject Value="True"/>
        <UnitName Value="uPHPToolRunner"/>
      </Unit>
      <Unit>
        <Filename Value="src/services/uSettingsService.pas"/>
        <IsPartOfProject Value="True"/>
        <UnitName Value="uSettingsService"/>
      </Unit>
      <Unit>
        <Filename Value="src/services/uComposerRunner.pas"/>
        <IsPartOfProject Value="True"/>
        <UnitName Value="uComposerRunner"/>
      </Unit>
      <Unit>
        <Filename Value="src/models/uProjectModel.pas"/>
        <IsPartOfProject Value="True"/>
        <UnitName Value="uProjectModel"/>
      </Unit>
      <Unit>
        <Filename Value="src/models/uStudioSettings.pas"/>
        <IsPartOfProject Value="True"/>
        <UnitName Value="uStudioSettings"/>
      </Unit>
      <Unit>
        <Filename Value="src/framework/uTAFRAFrameworkRules.pas"/>
        <IsPartOfProject Value="True"/>
        <UnitName Value="uTAFRAFrameworkRules"/>
      </Unit>
      <Unit>
        <Filename Value="src/services/uProjectScanner.pas"/>
        <IsPartOfProject Value="True"/>
        <UnitName Value="uProjectScanner"/>
      </Unit>
      <Unit>
        <Filename Value="src/services/uProjectSession.pas"/>
        <IsPartOfProject Value="True"/>
        <UnitName Value="uProjectSession"/>
      </Unit>
      <Unit>
        <Filename Value="src/services/uProjectAnalyzer.pas"/>
        <IsPartOfProject Value="True"/>
        <UnitName Value="uProjectAnalyzer"/>
      </Unit>
      <Unit>
        <Filename Value="src/services/uModuleManagementService.pas"/>
        <IsPartOfProject Value="True"/>
        <UnitName Value="uModuleManagementService"/>
      </Unit>
      <Unit>
        <Filename Value="src/ui/uProjectExplorerPresenter.pas"/>
        <IsPartOfProject Value="True"/>
        <UnitName Value="uProjectExplorerPresenter"/>
      </Unit>
    </Units>
  </ProjectOptions>
  <CompilerOptions>
    <Version Value="11"/>
    <PathDelim Value="\\"/>
    <Target>
      <Filename Value="tafrastudio"/>
    </Target>
    <SearchPaths>
      <OtherUnitFiles Value="src\\forms;src\\core;src\\services;src\\models;src\\framework;src\\ui;src\\utils"/>
      <UnitOutputDirectory Value="lib\\$(TargetCPU)-$(TargetOS)"/>
    </SearchPaths>
    <Linking>
      <Debugging>
        <DebugInfoType Value="dsDwarf2"/>
      </Debugging>
    </Linking>
  </CompilerOptions>
</CONFIG>
